
Microsoft Visual Studio Solution File, Format Version 12.00
# Visual Studio Version 16
VisualStudioVersion = 16.0.30114.105
MinimumVisualStudioVersion = 10.0.40219.1
Project("{FAE04EC0-301F-11D3-BF4B-00C04F79EFBC}") = "UWPApp", "UWPApp\UWPApp.csproj", "{76BEB2E7-A533-44BF-81C8-18D695CEF5BB}"
EndProject
Project("{FAE04EC0-301F-11D3-BF4B-00C04F79EFBC}") = "UWPApp.Tests.xUnit", "UWPApp.Tests.xUnit\UWPApp.Tests.xUnit.csproj", "{133B0303-D381-4ABA-8967-F32FB9C35BBD}"
EndProject
Project("{9A19103F-16F7-4668-BE54-9A1E7A4F7556}") = "UWPApp.Core", "UWPApp.Core\UWPApp.Core.csproj", "{6ACE4A09-9988-4C15-97EA-B681B391361F}"
EndProject
Project("{9A19103F-16F7-4668-BE54-9A1E7A4F7556}") = "UWPApp.Core.Tests.xUnit", "UWPApp.Core.Tests.xUnit\UWPApp.Core.Tests.xUnit.csproj", "{0BD901BF-E77B-49C2-921B-FB4D8345B2DB}"
EndProject
Global
	GlobalSection(SolutionConfigurationPlatforms) = preSolution
		Debug|Any CPU = Debug|Any CPU
		Debug|ARM = Debug|ARM
		Debug|ARM64 = Debug|ARM64
		Debug|x64 = Debug|x64
		Debug|x86 = Debug|x86
		Release|Any CPU = Release|Any CPU
		Release|ARM = Release|ARM
		Release|ARM64 = Release|ARM64
		Release|x64 = Release|x64
		Release|x86 = Release|x86
	EndGlobalSection
	GlobalSection(ProjectConfigurationPlatforms) = postSolution
		{76BEB2E7-A533-44BF-81C8-18D695CEF5BB}.Debug|Any CPU.ActiveCfg = Debug|x86
		{76BEB2E7-A533-44BF-81C8-18D695CEF5BB}.Debug|ARM.ActiveCfg = Debug|ARM
		{76BEB2E7-A533-44BF-81C8-18D695CEF5BB}.Debug|ARM.Build.0 = Debug|ARM
		{76BEB2E7-A533-44BF-81C8-18D695CEF5BB}.Debug|ARM.Deploy.0 = Debug|ARM
		{76BEB2E7-A533-44BF-81C8-18D695CEF5BB}.Debug|ARM64.ActiveCfg = Debug|ARM64
		{76BEB2E7-A533-44BF-81C8-18D695CEF5BB}.Debug|ARM64.Build.0 = Debug|ARM64
		{76BEB2E7-A533-44BF-81C8-18D695CEF5BB}.Debug|ARM64.Deploy.0 = Debug|ARM64
		{76BEB2E7-A533-44BF-81C8-18D695CEF5BB}.Debug|x64.ActiveCfg = Debug|x64
		{76BEB2E7-A533-44BF-81C8-18D695CEF5BB}.Debug|x64.Build.0 = Debug|x64
		{76BEB2E7-A533-44BF-81C8-18D695CEF5BB}.Debug|x64.Deploy.0 = Debug|x64
		{76BEB2E7-A533-44BF-81C8-18D695CEF5BB}.Debug|x86.ActiveCfg = Debug|x86
		{76BEB2E7-A533-44BF-81C8-18D695CEF5BB}.Debug|x86.Build.0 = Debug|x86
		{76BEB2E7-A533-44BF-81C8-18D695CEF5BB}.Debug|x86.Deploy.0 = Debug|x86
		{76BEB2E7-A533-44BF-81C8-18D695CEF5BB}.Release|Any CPU.ActiveCfg = Release|x86
		{76BEB2E7-A533-44BF-81C8-18D695CEF5BB}.Release|ARM.ActiveCfg = Release|ARM
		{76BEB2E7-A533-44BF-81C8-18D695CEF5BB}.Release|ARM.Build.0 = Release|ARM
		{76BEB2E7-A533-44BF-81C8-18D695CEF5BB}.Release|ARM.Deploy.0 = Release|ARM
		{76BEB2E7-A533-44BF-81C8-18D695CEF5BB}.Release|ARM64.ActiveCfg = Release|ARM64
		{76BEB2E7-A533-44BF-81C8-18D695CEF5BB}.Release|ARM64.Build.0 = Release|ARM64
		{76BEB2E7-A533-44BF-81C8-18D695CEF5BB}.Release|ARM64.Deploy.0 = Release|ARM64
		{76BEB2E7-A533-44BF-81C8-18D695CEF5BB}.Release|x64.ActiveCfg = Release|x64
		{76BEB2E7-A533-44BF-81C8-18D695CEF5BB}.Release|x64.Build.0 = Release|x64
		{76BEB2E7-A533-44BF-81C8-18D695CEF5BB}.Release|x64.Deploy.0 = Release|x64
		{76BEB2E7-A533-44BF-81C8-18D695CEF5BB}.Release|x86.ActiveCfg = Release|x86
		{76BEB2E7-A533-44BF-81C8-18D695CEF5BB}.Release|x86.Build.0 = Release|x86
		{76BEB2E7-A533-44BF-81C8-18D695CEF5BB}.Release|x86.Deploy.0 = Release|x86
		{133B0303-D381-4ABA-8967-F32FB9C35BBD}.Debug|Any CPU.ActiveCfg = Debug|x86
		{133B0303-D381-4ABA-8967-F32FB9C35BBD}.Debug|ARM.ActiveCfg = Debug|ARM
		{133B0303-D381-4ABA-8967-F32FB9C35BBD}.Debug|ARM.Build.0 = Debug|ARM
		{133B0303-D381-4ABA-8967-F32FB9C35BBD}.Debug|ARM.Deploy.0 = Debug|ARM
		{133B0303-D381-4ABA-8967-F32FB9C35BBD}.Debug|ARM64.ActiveCfg = Debug|x86
		{133B0303-D381-4ABA-8967-F32FB9C35BBD}.Debug|x64.ActiveCfg = Debug|x64
		{133B0303-D381-4ABA-8967-F32FB9C35BBD}.Debug|x64.Build.0 = Debug|x64
		{133B0303-D381-4ABA-8967-F32FB9C35BBD}.Debug|x64.Deploy.0 = Debug|x64
		{133B0303-D381-4ABA-8967-F32FB9C35BBD}.Debug|x86.ActiveCfg = Debug|x86
		{133B0303-D381-4ABA-8967-F32FB9C35BBD}.Debug|x86.Build.0 = Debug|x86
		{133B0303-D381-4ABA-8967-F32FB9C35BBD}.Debug|x86.Deploy.0 = Debug|x86
		{133B0303-D381-4ABA-8967-F32FB9C35BBD}.Release|Any CPU.ActiveCfg = Release|x86
		{133B0303-D381-4ABA-8967-F32FB9C35BBD}.Release|ARM.ActiveCfg = Release|ARM
		{133B0303-D381-4ABA-8967-F32FB9C35BBD}.Release|ARM.Build.0 = Release|ARM
		{133B0303-D381-4ABA-8967-F32FB9C35BBD}.Release|ARM.Deploy.0 = Release|ARM
		{133B0303-D381-4ABA-8967-F32FB9C35BBD}.Release|ARM64.ActiveCfg = Release|x86
		{133B0303-D381-4ABA-8967-F32FB9C35BBD}.Release|x64.ActiveCfg = Release|x64
		{133B0303-D381-4ABA-8967-F32FB9C35BBD}.Release|x64.Build.0 = Release|x64
		{133B0303-D381-4ABA-8967-F32FB9C35BBD}.Release|x64.Deploy.0 = Release|x64
		{133B0303-D381-4ABA-8967-F32FB9C35BBD}.Release|x86.ActiveCfg = Release|x86
		{133B0303-D381-4ABA-8967-F32FB9C35BBD}.Release|x86.Build.0 = Release|x86
		{133B0303-D381-4ABA-8967-F32FB9C35BBD}.Release|x86.Deploy.0 = Release|x86
		{6ACE4A09-9988-4C15-97EA-B681B391361F}.Debug|Any CPU.ActiveCfg = Debug|Any CPU
		{6ACE4A09-9988-4C15-97EA-B681B391361F}.Debug|Any CPU.Build.0 = Debug|Any CPU
		{6ACE4A09-9988-4C15-97EA-B681B391361F}.Debug|ARM.ActiveCfg = Debug|Any CPU
		{6ACE4A09-9988-4C15-97EA-B681B391361F}.Debug|ARM.Build.0 = Debug|Any CPU
		{6ACE4A09-9988-4C15-97EA-B681B391361F}.Debug|ARM64.ActiveCfg = Debug|Any CPU
		{6ACE4A09-9988-4C15-97EA-B681B391361F}.Debug|ARM64.Build.0 = Debug|Any CPU
		{6ACE4A09-9988-4C15-97EA-B681B391361F}.Debug|x64.ActiveCfg = Debug|Any CPU
		{6ACE4A09-9988-4C15-97EA-B681B391361F}.Debug|x64.Build.0 = Debug|Any CPU
		{6ACE4A09-9988-4C15-97EA-B681B391361F}.Debug|x86.ActiveCfg = Debug|Any CPU
		{6ACE4A09-9988-4C15-97EA-B681B391361F}.Debug|x86.Build.0 = Debug|Any CPU
		{6ACE4A09-9988-4C15-97EA-B681B391361F}.Release|Any CPU.ActiveCfg = Release|Any CPU
		{6ACE4A09-9988-4C15-97EA-B681B391361F}.Release|Any CPU.Build.0 = Release|Any CPU
		{6ACE4A09-9988-4C15-97EA-B681B391361F}.Release|ARM.ActiveCfg = Release|Any CPU
		{6ACE4A09-9988-4C15-97EA-B681B391361F}.Release|ARM.Build.0 = Release|Any CPU
		{6ACE4A09-9988-4C15-97EA-B681B391361F}.Release|ARM64.ActiveCfg = Release|Any CPU
		{6ACE4A09-9988-4C15-97EA-B681B391361F}.Release|ARM64.Build.0 = Release|Any CPU
		{6ACE4A09-9988-4C15-97EA-B681B391361F}.Release|x64.ActiveCfg = Release|Any CPU
		{6ACE4A09-9988-4C15-97EA-B681B391361F}.Release|x64.Build.0 = Release|Any CPU
		{6ACE4A09-9988-4C15-97EA-B681B391361F}.Release|x86.ActiveCfg = Release|Any CPU
		{6ACE4A09-9988-4C15-97EA-B681B391361F}.Release|x86.Build.0 = Release|Any CPU
		{0BD901BF-E77B-49C2-921B-FB4D8345B2DB}.Debug|Any CPU.ActiveCfg = Debug|Any CPU
		{0BD901BF-E77B-49C2-921B-FB4D8345B2DB}.Debug|Any CPU.Build.0 = Debug|Any CPU
		{0BD901BF-E77B-49C2-921B-FB4D8345B2DB}.Debug|ARM.ActiveCfg = Debug|Any CPU
		{0BD901BF-E77B-49C2-921B-FB4D8345B2DB}.Debug|ARM.Build.0 = Debug|Any CPU
		{0BD901BF-E77B-49C2-921B-FB4D8345B2DB}.Debug|ARM64.ActiveCfg = Debug|Any CPU
		{0BD901BF-E77B-49C2-921B-FB4D8345B2DB}.Debug|ARM64.Build.0 = Debug|Any CPU
		{0BD901BF-E77B-49C2-921B-FB4D8345B2DB}.Debug|x64.ActiveCfg = Debug|Any CPU
		{0BD901BF-E77B-49C2-921B-FB4D8345B2DB}.Debug|x64.Build.0 = Debug|Any CPU
		{0BD901BF-E77B-49C2-921B-FB4D8345B2DB}.Debug|x86.ActiveCfg = Debug|Any CPU
		{0BD901BF-E77B-49C2-921B-FB4D8345B2DB}.Debug|x86.Build.0 = Debug|Any CPU
		{0BD901BF-E77B-49C2-921B-FB4D8345B2DB}.Release|Any CPU.ActiveCfg = Release|Any CPU
		{0BD901BF-E77B-49C2-921B-FB4D8345B2DB}.Release|Any CPU.Build.0 = Release|Any CPU
		{0BD901BF-E77B-49C2-921B-FB4D8345B2DB}.Release|ARM.ActiveCfg = Release|Any CPU
		{0BD901BF-E77B-49C2-921B-FB4D8345B2DB}.Release|ARM.Build.0 = Release|Any CPU
		{0BD901BF-E77B-49C2-921B-FB4D8345B2DB}.Release|ARM64.ActiveCfg = Release|Any CPU
		{0BD901BF-E77B-49C2-921B-FB4D8345B2DB}.Release|ARM64.Build.0 = Release|Any CPU
		{0BD901BF-E77B-49C2-921B-FB4D8345B2DB}.Release|x64.ActiveCfg = Release|Any CPU
		{0BD901BF-E77B-49C2-921B-FB4D8345B2DB}.Release|x64.Build.0 = Release|Any CPU
		{0BD901BF-E77B-49C2-921B-FB4D8345B2DB}.Release|x86.ActiveCfg = Release|Any CPU
		{0BD901BF-E77B-49C2-921B-FB4D8345B2DB}.Release|x86.Build.0 = Release|Any CPU
	EndGlobalSection
	GlobalSection(SolutionProperties) = preSolution
		HideSolutionNode = FALSE
	EndGlobalSection
	GlobalSection(ExtensibilityGlobals) = postSolution
		SolutionGuid = {E0D41305-F3A8-4681-AEC0-659A2C266B72}
	EndGlobalSection
EndGlobal
